
Microsoft Visual Studio Solution File, Format Version 12.00
# Visual Studio Version 17
VisualStudioVersion = 17.11.35208.52
MinimumVisualStudioVersion = 10.0.40219.1
Project("{9A19103F-16F7-4668-BE54-9A1E7A4F7556}") = "EcoBalance", "EcoBalance\EcoBalance.csproj", "{3DC961AE-92BA-4B3A-9A76-4ACEC177EB4A}"
EndProject
Project("{2150E333-8FDC-42A3-9474-1A3956D46DE8}") = "src", "src", "{AE4EEF8B-6D76-4F09-9255-FAB4ECE77C9E}"
EndProject
Project("{9A19103F-16F7-4668-BE54-9A1E7A4F7556}") = "EcoBalance.Database", "EcoBalance.Database\EcoBalance.Database.csproj", "{E2FAA991-81C7-49EC-B903-6F1B51BDBAC6}"
EndProject
Project("{9A19103F-16F7-4668-BE54-9A1E7A4F7556}") = "EcoBalance.Models", "EcoBalance.Models\EcoBalance.Models.csproj", "{E2E94FAD-C61E-4369-9FE2-B8F2BABFBB06}"
EndProject
Project("{9A19103F-16F7-4668-BE54-9A1E7A4F7556}") = "EcoBalance.Repository", "EcoBalance.Repository\EcoBalance.Repository.csproj", "{60508714-AE4A-4216-96C4-AA0EC8C26391}"
EndProject
Project("{9A19103F-16F7-4668-BE54-9A1E7A4F7556}") = "EcoBalance.Services", "EcoBalance.Services\EcoBalance.Services.csproj", "{FCD90728-ED49-4395-9DE7-BE3D7D56849B}"
EndProject
Project("{9A19103F-16F7-4668-BE54-9A1E7A4F7556}") = "MLModel_ConsoleApp1", "MLModel_ConsoleApp1\MLModel_ConsoleApp1.csproj", "{968990B8-C54B-4102-BEB9-4FB46220B290}"
EndProject
Project("{2150E333-8FDC-42A3-9474-1A3956D46DE8}") = "tests", "tests", "{615386C7-382F-47A4-AC78-083871F1F924}"
EndProject
Project("{FAE04EC0-301F-11D3-BF4B-00C04F79EFBC}") = "TestProject", "TestProject\TestProject.csproj", "{FB2FA9C4-9B56-4185-BE44-09345C7C13A0}"
EndProject
Global
	GlobalSection(SolutionConfigurationPlatforms) = preSolution
		Debug|Any CPU = Debug|Any CPU
		Release|Any CPU = Release|Any CPU
	EndGlobalSection
	GlobalSection(ProjectConfigurationPlatforms) = postSolution
		{3DC961AE-92BA-4B3A-9A76-4ACEC177EB4A}.Debug|Any CPU.ActiveCfg = Debug|Any CPU
		{3DC961AE-92BA-4B3A-9A76-4ACEC177EB4A}.Debug|Any CPU.Build.0 = Debug|Any CPU
		{3DC961AE-92BA-4B3A-9A76-4ACEC177EB4A}.Release|Any CPU.ActiveCfg = Release|Any CPU
		{3DC961AE-92BA-4B3A-9A76-4ACEC177EB4A}.Release|Any CPU.Build.0 = Release|Any CPU
		{E2FAA991-81C7-49EC-B903-6F1B51BDBAC6}.Debug|Any CPU.ActiveCfg = Debug|Any CPU
		{E2FAA991-81C7-49EC-B903-6F1B51BDBAC6}.Debug|Any CPU.Build.0 = Debug|Any CPU
		{E2FAA991-81C7-49EC-B903-6F1B51BDBAC6}.Release|Any CPU.ActiveCfg = Release|Any CPU
		{E2FAA991-81C7-49EC-B903-6F1B51BDBAC6}.Release|Any CPU.Build.0 = Release|Any CPU
		{E2E94FAD-C61E-4369-9FE2-B8F2BABFBB06}.Debug|Any CPU.ActiveCfg = Debug|Any CPU
		{E2E94FAD-C61E-4369-9FE2-B8F2BABFBB06}.Debug|Any CPU.Build.0 = Debug|Any CPU
		{E2E94FAD-C61E-4369-9FE2-B8F2BABFBB06}.Release|Any CPU.ActiveCfg = Release|Any CPU
		{E2E94FAD-C61E-4369-9FE2-B8F2BABFBB06}.Release|Any CPU.Build.0 = Release|Any CPU
		{60508714-AE4A-4216-96C4-AA0EC8C26391}.Debug|Any CPU.ActiveCfg = Debug|Any CPU
		{60508714-AE4A-4216-96C4-AA0EC8C26391}.Debug|Any CPU.Build.0 = Debug|Any CPU
		{60508714-AE4A-4216-96C4-AA0EC8C26391}.Release|Any CPU.ActiveCfg = Release|Any CPU
		{60508714-AE4A-4216-96C4-AA0EC8C26391}.Release|Any CPU.Build.0 = Release|Any CPU
		{FCD90728-ED49-4395-9DE7-BE3D7D56849B}.Debug|Any CPU.ActiveCfg = Debug|Any CPU
		{FCD90728-ED49-4395-9DE7-BE3D7D56849B}.Debug|Any CPU.Build.0 = Debug|Any CPU
		{FCD90728-ED49-4395-9DE7-BE3D7D56849B}.Release|Any CPU.ActiveCfg = Release|Any CPU
		{FCD90728-ED49-4395-9DE7-BE3D7D56849B}.Release|Any CPU.Build.0 = Release|Any CPU
		{968990B8-C54B-4102-BEB9-4FB46220B290}.Debug|Any CPU.ActiveCfg = Debug|Any CPU
		{968990B8-C54B-4102-BEB9-4FB46220B290}.Debug|Any CPU.Build.0 = Debug|Any CPU
		{968990B8-C54B-4102-BEB9-4FB46220B290}.Release|Any CPU.ActiveCfg = Release|Any CPU
		{968990B8-C54B-4102-BEB9-4FB46220B290}.Release|Any CPU.Build.0 = Release|Any CPU
		{FB2FA9C4-9B56-4185-BE44-09345C7C13A0}.Debug|Any CPU.ActiveCfg = Debug|Any CPU
		{FB2FA9C4-9B56-4185-BE44-09345C7C13A0}.Debug|Any CPU.Build.0 = Debug|Any CPU
		{FB2FA9C4-9B56-4185-BE44-09345C7C13A0}.Release|Any CPU.ActiveCfg = Release|Any CPU
		{FB2FA9C4-9B56-4185-BE44-09345C7C13A0}.Release|Any CPU.Build.0 = Release|Any CPU
	EndGlobalSection
	GlobalSection(SolutionProperties) = preSolution
		HideSolutionNode = FALSE
	EndGlobalSection
	GlobalSection(NestedProjects) = preSolution
		{3DC961AE-92BA-4B3A-9A76-4ACEC177EB4A} = {AE4EEF8B-6D76-4F09-9255-FAB4ECE77C9E}
		{E2FAA991-81C7-49EC-B903-6F1B51BDBAC6} = {AE4EEF8B-6D76-4F09-9255-FAB4ECE77C9E}
		{E2E94FAD-C61E-4369-9FE2-B8F2BABFBB06} = {AE4EEF8B-6D76-4F09-9255-FAB4ECE77C9E}
		{60508714-AE4A-4216-96C4-AA0EC8C26391} = {AE4EEF8B-6D76-4F09-9255-FAB4ECE77C9E}
		{FCD90728-ED49-4395-9DE7-BE3D7D56849B} = {AE4EEF8B-6D76-4F09-9255-FAB4ECE77C9E}
		{968990B8-C54B-4102-BEB9-4FB46220B290} = {AE4EEF8B-6D76-4F09-9255-FAB4ECE77C9E}
		{FB2FA9C4-9B56-4185-BE44-09345C7C13A0} = {615386C7-382F-47A4-AC78-083871F1F924}
	EndGlobalSection
	GlobalSection(ExtensibilityGlobals) = postSolution
		SolutionGuid = {165A9271-117D-41FE-AB82-7A1E6CE3A04B}
	EndGlobalSection
EndGlobal
